
Microsoft Visual Studio Solution File, Format Version 12.00
Project("{FAE04EC0-301F-11D3-BF4B-00C04F79EFBC}") = "SemanticKernelService", "SemanticKernelService.csproj", "{4DFE85E3-FEAD-4B40-83D3-7B5214F2A34F}"
EndProject
Global
	GlobalSection(SolutionConfigurationPlatforms) = preSolution
		Debug|Any CPU = Debug|Any CPU
		Release|Any CPU = Release|Any CPU
	EndGlobalSection
	GlobalSection(ProjectConfigurationPlatforms) = postSolution
		{4DFE85E3-FEAD-4B40-83D3-7B5214F2A34F}.Debug|Any CPU.ActiveCfg = Debug|Any CPU
		{4DFE85E3-FEAD-4B40-83D3-7B5214F2A34F}.Debug|Any CPU.Build.0 = Debug|Any CPU
		{4DFE85E3-FEAD-4B40-83D3-7B5214F2A34F}.Release|Any CPU.ActiveCfg = Release|Any CPU
		{4DFE85E3-FEAD-4B40-83D3-7B5214F2A34F}.Release|Any CPU.Build.0 = Release|Any CPU
	EndGlobalSection
EndGlobal
